
Microsoft Visual Studio Solution File, Format Version 12.00
# Visual Studio Version 17
VisualStudioVersion = 17.3.32819.101
MinimumVisualStudioVersion = 10.0.40219.1
Project("{FAE04EC0-301F-11D3-BF4B-00C04F79EFBC}") = "APIContract", "APIContract\APIContract.csproj", "{1297FC1E-64FC-47DA-94A2-575FCA081277}"
EndProject
Global
	GlobalSection(SolutionConfigurationPlatforms) = preSolution
		Debug|Any CPU = Debug|Any CPU
		Release|Any CPU = Release|Any CPU
	EndGlobalSection
	GlobalSection(ProjectConfigurationPlatforms) = postSolution
		{1297FC1E-64FC-47DA-94A2-575FCA081277}.Debug|Any CPU.ActiveCfg = Debug|Any CPU
		{1297FC1E-64FC-47DA-94A2-575FCA081277}.Debug|Any CPU.Build.0 = Debug|Any CPU
		{1297FC1E-64FC-47DA-94A2-575FCA081277}.Release|Any CPU.ActiveCfg = Release|Any CPU
		{1297FC1E-64FC-47DA-94A2-575FCA081277}.Release|Any CPU.Build.0 = Release|Any CPU
	EndGlobalSection
	GlobalSection(SolutionProperties) = preSolution
		HideSolutionNode = FALSE
	EndGlobalSection
	GlobalSection(ExtensibilityGlobals) = postSolution
		SolutionGuid = {05B9D29D-D2B7-44A2-84CE-06EB227FFC58}
	EndGlobalSection
EndGlobal
